
Microsoft Visual Studio Solution File, Format Version 12.00
# Visual Studio Version 16
VisualStudioVersion = 16.0.29709.97
MinimumVisualStudioVersion = 10.0.40219.1
Project("{2150E333-8FDC-42A3-9474-1A3956D46DE8}") = "Solution Items", "Solution Items", "{DA768892-F47F-41B7-9C81-18244998E7CF}"
	ProjectSection(SolutionItems) = preProject
		ExecuteCleanUp.cmd = ExecuteCleanUp.cmd
		XPenC.runsettings = XPenC.runsettings
	EndProjectSection
EndProject
Project("{9A19103F-16F7-4668-BE54-9A1E7A4F7556}") = "XPenC.BusinessLogic.Contracts", "XPenC.BusinessLogic.Contracts\Source\XPenC.BusinessLogic.Contracts.csproj", "{B5F89BE5-14F8-402E-A42B-FCD5825BA013}"
EndProject
Project("{2150E333-8FDC-42A3-9474-1A3956D46DE8}") = "XPenC.BusinessLogic", "XPenC.BusinessLogic", "{A807F5A7-7E59-44F7-A917-57FCE64147A5}"
EndProject
Project("{2150E333-8FDC-42A3-9474-1A3956D46DE8}") = "XPenC.DataAccess", "XPenC.DataAccess", "{D9027DCE-E3BE-4EEC-82F4-915756BCD207}"
EndProject
Project("{2150E333-8FDC-42A3-9474-1A3956D46DE8}") = "XPenC.Common", "XPenC.Common", "{08E9CB40-9A2F-4AFB-AEEC-59F358865FF8}"
EndProject
Project("{2150E333-8FDC-42A3-9474-1A3956D46DE8}") = "XPenC.WebApp", "XPenC.WebApp", "{5E429B8B-85E3-452A-BFC5-F866A4A15072}"
EndProject
Project("{2150E333-8FDC-42A3-9474-1A3956D46DE8}") = "Contracts", "Contracts", "{6DC581F6-DB09-46A1-9868-BD0B7BB9D8E9}"
EndProject
Project("{2150E333-8FDC-42A3-9474-1A3956D46DE8}") = "Contracts", "Contracts", "{A9D6E204-D032-4918-BFF6-E44C7444EA62}"
EndProject
Project("{9A19103F-16F7-4668-BE54-9A1E7A4F7556}") = "XPenC.BusinessLogic", "XPenC.BusinessLogic\Source\XPenC.BusinessLogic.csproj", "{CA3256AB-6684-4849-B7D2-595BF00DFE7F}"
EndProject
Project("{9A19103F-16F7-4668-BE54-9A1E7A4F7556}") = "XPenC.BusinessLogic.Tests", "XPenC.BusinessLogic\Tests\XPenC.BusinessLogic.Tests.csproj", "{C33B0017-36D9-4EE4-A5E5-732E6D3CA69F}"
EndProject
Project("{9A19103F-16F7-4668-BE54-9A1E7A4F7556}") = "XPenC.DataAccess.Contracts", "XPenC.DataAccess.Contracts\Source\XPenC.DataAccess.Contracts.csproj", "{976FE422-3BAF-4EE6-8454-D3FC65563650}"
EndProject
Project("{9A19103F-16F7-4668-BE54-9A1E7A4F7556}") = "XPenC.DataAccess.Contracts.Tests", "XPenC.DataAccess.Contracts\Tests\XPenC.DataAccess.Contracts.Tests.csproj", "{3D26050D-AD60-44F8-99A5-6023F79FCD73}"
EndProject
Project("{2150E333-8FDC-42A3-9474-1A3956D46DE8}") = "EntityFramework", "EntityFramework", "{52F3CAE0-21F1-48FB-B790-3E2B4DFB542C}"
EndProject
Project("{9A19103F-16F7-4668-BE54-9A1E7A4F7556}") = "XPenC.Common.TestDoubles", "XPenC.Common\Tests\XPenC.Common.TestDoubles.csproj", "{B685DF91-570E-490C-A5C0-4501462CFCAD}"
EndProject
Project("{9A19103F-16F7-4668-BE54-9A1E7A4F7556}") = "XPenC.WebApp", "XPenC.WebApp\Source\XPenC.WebApp.csproj", "{B6D0CA03-8059-4C10-8040-75C3703F72C7}"
EndProject
Project("{9A19103F-16F7-4668-BE54-9A1E7A4F7556}") = "XPenC.WebApp.Localization", "XPenC.WebApp\Localization\XPenC.WebApp.Localization.csproj", "{1A53889E-026D-452B-89CC-012B41658F7D}"
EndProject
Project("{9A19103F-16F7-4668-BE54-9A1E7A4F7556}") = "XPenC.WebApp.Tests", "XPenC.WebApp\Tests\XPenC.WebApp.Tests.csproj", "{8F11700F-802B-4286-98F7-947FD5140252}"
EndProject
Project("{9A19103F-16F7-4668-BE54-9A1E7A4F7556}") = "XPenC.BusinessLogic.Contracts.Tests", "XPenC.BusinessLogic.Contracts\Tests\XPenC.BusinessLogic.Contracts.Tests.csproj", "{161F2C0D-12A1-497C-81D5-3D37173FA16F}"
EndProject
Project("{2150E333-8FDC-42A3-9474-1A3956D46DE8}") = "SqlServer", "SqlServer", "{F61E1D12-4CF4-4043-8FEF-C845DC54813C}"
EndProject
Project("{2150E333-8FDC-42A3-9474-1A3956D46DE8}") = "Native", "Native", "{D73584D4-327E-4840-AE25-3662A7A0E4AE}"
EndProject
Project("{9A19103F-16F7-4668-BE54-9A1E7A4F7556}") = "XPenC.DataAccess.SqlServer.Native", "XPenC.DataAccess.SqlServer.Native\Source\XPenC.DataAccess.SqlServer.Native.csproj", "{11FB909B-BE46-4EB8-82C7-921DFD382615}"
EndProject
Project("{9A19103F-16F7-4668-BE54-9A1E7A4F7556}") = "XPenC.DataAccess.SqlServer.Native.Tests", "XPenC.DataAccess.SqlServer.Native\Tests\XPenC.DataAccess.SqlServer.Native.Tests.csproj", "{BCCA7148-9C7F-4EDD-8200-DBF4AABB87E2}"
EndProject
Project("{9A19103F-16F7-4668-BE54-9A1E7A4F7556}") = "XPenC.DataAccess.SqlServer.EntityFramework", "XPenC.DataAccess.SqlServer.EntityFramework\Source\XPenC.DataAccess.SqlServer.EntityFramework.csproj", "{8E2C0835-1E9A-4FE3-A04B-A9D5A3E07546}"
EndProject
Project("{9A19103F-16F7-4668-BE54-9A1E7A4F7556}") = "XPenC.DataAccess.SqlServer.EntityFramework.Tests", "XPenC.DataAccess.SqlServer.EntityFramework\Tests\XPenC.DataAccess.SqlServer.EntityFramework.Tests.csproj", "{49EC9D33-CBBB-499C-B076-463D538080C4}"
EndProject
Global
	GlobalSection(SolutionConfigurationPlatforms) = preSolution
		Debug|Any CPU = Debug|Any CPU
		Release|Any CPU = Release|Any CPU
	EndGlobalSection
	GlobalSection(ProjectConfigurationPlatforms) = postSolution
		{B5F89BE5-14F8-402E-A42B-FCD5825BA013}.Debug|Any CPU.ActiveCfg = Debug|Any CPU
		{B5F89BE5-14F8-402E-A42B-FCD5825BA013}.Debug|Any CPU.Build.0 = Debug|Any CPU
		{B5F89BE5-14F8-402E-A42B-FCD5825BA013}.Release|Any CPU.ActiveCfg = Release|Any CPU
		{B5F89BE5-14F8-402E-A42B-FCD5825BA013}.Release|Any CPU.Build.0 = Release|Any CPU
		{CA3256AB-6684-4849-B7D2-595BF00DFE7F}.Debug|Any CPU.ActiveCfg = Debug|Any CPU
		{CA3256AB-6684-4849-B7D2-595BF00DFE7F}.Debug|Any CPU.Build.0 = Debug|Any CPU
		{CA3256AB-6684-4849-B7D2-595BF00DFE7F}.Release|Any CPU.ActiveCfg = Release|Any CPU
		{CA3256AB-6684-4849-B7D2-595BF00DFE7F}.Release|Any CPU.Build.0 = Release|Any CPU
		{C33B0017-36D9-4EE4-A5E5-732E6D3CA69F}.Debug|Any CPU.ActiveCfg = Debug|Any CPU
		{C33B0017-36D9-4EE4-A5E5-732E6D3CA69F}.Debug|Any CPU.Build.0 = Debug|Any CPU
		{C33B0017-36D9-4EE4-A5E5-732E6D3CA69F}.Release|Any CPU.ActiveCfg = Release|Any CPU
		{C33B0017-36D9-4EE4-A5E5-732E6D3CA69F}.Release|Any CPU.Build.0 = Release|Any CPU
		{976FE422-3BAF-4EE6-8454-D3FC65563650}.Debug|Any CPU.ActiveCfg = Debug|Any CPU
		{976FE422-3BAF-4EE6-8454-D3FC65563650}.Debug|Any CPU.Build.0 = Debug|Any CPU
		{976FE422-3BAF-4EE6-8454-D3FC65563650}.Release|Any CPU.ActiveCfg = Release|Any CPU
		{976FE422-3BAF-4EE6-8454-D3FC65563650}.Release|Any CPU.Build.0 = Release|Any CPU
		{3D26050D-AD60-44F8-99A5-6023F79FCD73}.Debug|Any CPU.ActiveCfg = Debug|Any CPU
		{3D26050D-AD60-44F8-99A5-6023F79FCD73}.Debug|Any CPU.Build.0 = Debug|Any CPU
		{3D26050D-AD60-44F8-99A5-6023F79FCD73}.Release|Any CPU.ActiveCfg = Release|Any CPU
		{3D26050D-AD60-44F8-99A5-6023F79FCD73}.Release|Any CPU.Build.0 = Release|Any CPU
		{B685DF91-570E-490C-A5C0-4501462CFCAD}.Debug|Any CPU.ActiveCfg = Debug|Any CPU
		{B685DF91-570E-490C-A5C0-4501462CFCAD}.Debug|Any CPU.Build.0 = Debug|Any CPU
		{B685DF91-570E-490C-A5C0-4501462CFCAD}.Release|Any CPU.ActiveCfg = Release|Any CPU
		{B685DF91-570E-490C-A5C0-4501462CFCAD}.Release|Any CPU.Build.0 = Release|Any CPU
		{B6D0CA03-8059-4C10-8040-75C3703F72C7}.Debug|Any CPU.ActiveCfg = Debug|Any CPU
		{B6D0CA03-8059-4C10-8040-75C3703F72C7}.Debug|Any CPU.Build.0 = Debug|Any CPU
		{B6D0CA03-8059-4C10-8040-75C3703F72C7}.Release|Any CPU.ActiveCfg = Release|Any CPU
		{B6D0CA03-8059-4C10-8040-75C3703F72C7}.Release|Any CPU.Build.0 = Release|Any CPU
		{1A53889E-026D-452B-89CC-012B41658F7D}.Debug|Any CPU.ActiveCfg = Debug|Any CPU
		{1A53889E-026D-452B-89CC-012B41658F7D}.Debug|Any CPU.Build.0 = Debug|Any CPU
		{1A53889E-026D-452B-89CC-012B41658F7D}.Release|Any CPU.ActiveCfg = Release|Any CPU
		{1A53889E-026D-452B-89CC-012B41658F7D}.Release|Any CPU.Build.0 = Release|Any CPU
		{8F11700F-802B-4286-98F7-947FD5140252}.Debug|Any CPU.ActiveCfg = Debug|Any CPU
		{8F11700F-802B-4286-98F7-947FD5140252}.Debug|Any CPU.Build.0 = Debug|Any CPU
		{8F11700F-802B-4286-98F7-947FD5140252}.Release|Any CPU.ActiveCfg = Release|Any CPU
		{8F11700F-802B-4286-98F7-947FD5140252}.Release|Any CPU.Build.0 = Release|Any CPU
		{161F2C0D-12A1-497C-81D5-3D37173FA16F}.Debug|Any CPU.ActiveCfg = Debug|Any CPU
		{161F2C0D-12A1-497C-81D5-3D37173FA16F}.Debug|Any CPU.Build.0 = Debug|Any CPU
		{161F2C0D-12A1-497C-81D5-3D37173FA16F}.Release|Any CPU.ActiveCfg = Release|Any CPU
		{161F2C0D-12A1-497C-81D5-3D37173FA16F}.Release|Any CPU.Build.0 = Release|Any CPU
		{11FB909B-BE46-4EB8-82C7-921DFD382615}.Debug|Any CPU.ActiveCfg = Debug|Any CPU
		{11FB909B-BE46-4EB8-82C7-921DFD382615}.Debug|Any CPU.Build.0 = Debug|Any CPU
		{11FB909B-BE46-4EB8-82C7-921DFD382615}.Release|Any CPU.ActiveCfg = Release|Any CPU
		{11FB909B-BE46-4EB8-82C7-921DFD382615}.Release|Any CPU.Build.0 = Release|Any CPU
		{BCCA7148-9C7F-4EDD-8200-DBF4AABB87E2}.Debug|Any CPU.ActiveCfg = Debug|Any CPU
		{BCCA7148-9C7F-4EDD-8200-DBF4AABB87E2}.Debug|Any CPU.Build.0 = Debug|Any CPU
		{BCCA7148-9C7F-4EDD-8200-DBF4AABB87E2}.Release|Any CPU.ActiveCfg = Release|Any CPU
		{BCCA7148-9C7F-4EDD-8200-DBF4AABB87E2}.Release|Any CPU.Build.0 = Release|Any CPU
		{8E2C0835-1E9A-4FE3-A04B-A9D5A3E07546}.Debug|Any CPU.ActiveCfg = Debug|Any CPU
		{8E2C0835-1E9A-4FE3-A04B-A9D5A3E07546}.Debug|Any CPU.Build.0 = Debug|Any CPU
		{8E2C0835-1E9A-4FE3-A04B-A9D5A3E07546}.Release|Any CPU.ActiveCfg = Release|Any CPU
		{8E2C0835-1E9A-4FE3-A04B-A9D5A3E07546}.Release|Any CPU.Build.0 = Release|Any CPU
		{49EC9D33-CBBB-499C-B076-463D538080C4}.Debug|Any CPU.ActiveCfg = Debug|Any CPU
		{49EC9D33-CBBB-499C-B076-463D538080C4}.Debug|Any CPU.Build.0 = Debug|Any CPU
		{49EC9D33-CBBB-499C-B076-463D538080C4}.Release|Any CPU.ActiveCfg = Release|Any CPU
		{49EC9D33-CBBB-499C-B076-463D538080C4}.Release|Any CPU.Build.0 = Release|Any CPU
	EndGlobalSection
	GlobalSection(SolutionProperties) = preSolution
		HideSolutionNode = FALSE
	EndGlobalSection
	GlobalSection(NestedProjects) = preSolution
		{B5F89BE5-14F8-402E-A42B-FCD5825BA013} = {6DC581F6-DB09-46A1-9868-BD0B7BB9D8E9}
		{6DC581F6-DB09-46A1-9868-BD0B7BB9D8E9} = {A807F5A7-7E59-44F7-A917-57FCE64147A5}
		{A9D6E204-D032-4918-BFF6-E44C7444EA62} = {D9027DCE-E3BE-4EEC-82F4-915756BCD207}
		{CA3256AB-6684-4849-B7D2-595BF00DFE7F} = {A807F5A7-7E59-44F7-A917-57FCE64147A5}
		{C33B0017-36D9-4EE4-A5E5-732E6D3CA69F} = {A807F5A7-7E59-44F7-A917-57FCE64147A5}
		{976FE422-3BAF-4EE6-8454-D3FC65563650} = {A9D6E204-D032-4918-BFF6-E44C7444EA62}
		{3D26050D-AD60-44F8-99A5-6023F79FCD73} = {A9D6E204-D032-4918-BFF6-E44C7444EA62}
		{52F3CAE0-21F1-48FB-B790-3E2B4DFB542C} = {F61E1D12-4CF4-4043-8FEF-C845DC54813C}
		{B685DF91-570E-490C-A5C0-4501462CFCAD} = {08E9CB40-9A2F-4AFB-AEEC-59F358865FF8}
		{B6D0CA03-8059-4C10-8040-75C3703F72C7} = {5E429B8B-85E3-452A-BFC5-F866A4A15072}
		{1A53889E-026D-452B-89CC-012B41658F7D} = {5E429B8B-85E3-452A-BFC5-F866A4A15072}
		{8F11700F-802B-4286-98F7-947FD5140252} = {5E429B8B-85E3-452A-BFC5-F866A4A15072}
		{161F2C0D-12A1-497C-81D5-3D37173FA16F} = {6DC581F6-DB09-46A1-9868-BD0B7BB9D8E9}
		{F61E1D12-4CF4-4043-8FEF-C845DC54813C} = {D9027DCE-E3BE-4EEC-82F4-915756BCD207}
		{D73584D4-327E-4840-AE25-3662A7A0E4AE} = {F61E1D12-4CF4-4043-8FEF-C845DC54813C}
		{11FB909B-BE46-4EB8-82C7-921DFD382615} = {D73584D4-327E-4840-AE25-3662A7A0E4AE}
		{BCCA7148-9C7F-4EDD-8200-DBF4AABB87E2} = {D73584D4-327E-4840-AE25-3662A7A0E4AE}
		{8E2C0835-1E9A-4FE3-A04B-A9D5A3E07546} = {52F3CAE0-21F1-48FB-B790-3E2B4DFB542C}
		{49EC9D33-CBBB-499C-B076-463D538080C4} = {52F3CAE0-21F1-48FB-B790-3E2B4DFB542C}
	EndGlobalSection
	GlobalSection(ExtensibilityGlobals) = postSolution
		SolutionGuid = {3FD09F83-C39D-4E4B-B2D1-AAB346FB7EED}
	EndGlobalSection
EndGlobal
