
Microsoft Visual Studio Solution File, Format Version 12.00
# Visual Studio Version 16
VisualStudioVersion = 16.0.29709.97
MinimumVisualStudioVersion = 10.0.40219.1
Project("{9A19103F-16F7-4668-BE54-9A1E7A4F7556}") = "XPenC.WebApp", "XPenC.WebApp\XPenC.WebApp.csproj", "{954BCE3C-0A12-4D07-8AA6-B45D6E625B6C}"
EndProject
Project("{9A19103F-16F7-4668-BE54-9A1E7A4F7556}") = "XPenC.BusinessLogic.Contracts", "XPenC.BusinessLogic.Contracts\XPenC.BusinessLogic.Contracts.csproj", "{50F261A4-A233-488B-8022-A24486921C70}"
EndProject
Project("{9A19103F-16F7-4668-BE54-9A1E7A4F7556}") = "XPenC.BusinessLogic", "XPenC.BusinessLogic\XPenC.BusinessLogic.csproj", "{7539E629-4FE8-410F-8604-AA56C62E9B55}"
EndProject
Project("{9A19103F-16F7-4668-BE54-9A1E7A4F7556}") = "XPenC.DataAccess.Contracts", "XPenC.DataAccess.Contracts\XPenC.DataAccess.Contracts.csproj", "{92CE8F18-CAAE-49A9-B2DF-3D72F99B8729}"
EndProject
Project("{9A19103F-16F7-4668-BE54-9A1E7A4F7556}") = "XPenC.DataAccess.SqlServer", "XPenC.DataAccess.SqlServer\XPenC.DataAccess.SqlServer.csproj", "{E2B9BF04-E5C8-469B-8554-268FC46FCD1E}"
EndProject
Project("{9A19103F-16F7-4668-BE54-9A1E7A4F7556}") = "XPenC.WebApp.Controllers", "XPenC.WebApp.Controllers\XPenC.WebApp.Controllers.csproj", "{D2B0F645-ECD5-4B7E-A029-EC28F6C10961}"
EndProject
Project("{FAE04EC0-301F-11D3-BF4B-00C04F79EFBC}") = "XPenC.BusinessLogic.Tests", "XPenC.BusinessLogic.Tests\XPenC.BusinessLogic.Tests.csproj", "{E5B2A665-D428-436A-9A47-29BFCCECF64F}"
EndProject
Project("{2150E333-8FDC-42A3-9474-1A3956D46DE8}") = "Solution Items", "Solution Items", "{A90B0CA1-620D-4E1E-A65F-5A55302607DC}"
	ProjectSection(SolutionItems) = preProject
		XPenC.runsettings = XPenC.runsettings
	EndProjectSection
EndProject
Global
	GlobalSection(SolutionConfigurationPlatforms) = preSolution
		Debug|Any CPU = Debug|Any CPU
		Release|Any CPU = Release|Any CPU
	EndGlobalSection
	GlobalSection(ProjectConfigurationPlatforms) = postSolution
		{954BCE3C-0A12-4D07-8AA6-B45D6E625B6C}.Debug|Any CPU.ActiveCfg = Debug|Any CPU
		{954BCE3C-0A12-4D07-8AA6-B45D6E625B6C}.Debug|Any CPU.Build.0 = Debug|Any CPU
		{954BCE3C-0A12-4D07-8AA6-B45D6E625B6C}.Release|Any CPU.ActiveCfg = Release|Any CPU
		{954BCE3C-0A12-4D07-8AA6-B45D6E625B6C}.Release|Any CPU.Build.0 = Release|Any CPU
		{50F261A4-A233-488B-8022-A24486921C70}.Debug|Any CPU.ActiveCfg = Debug|Any CPU
		{50F261A4-A233-488B-8022-A24486921C70}.Debug|Any CPU.Build.0 = Debug|Any CPU
		{50F261A4-A233-488B-8022-A24486921C70}.Release|Any CPU.ActiveCfg = Release|Any CPU
		{50F261A4-A233-488B-8022-A24486921C70}.Release|Any CPU.Build.0 = Release|Any CPU
		{7539E629-4FE8-410F-8604-AA56C62E9B55}.Debug|Any CPU.ActiveCfg = Debug|Any CPU
		{7539E629-4FE8-410F-8604-AA56C62E9B55}.Debug|Any CPU.Build.0 = Debug|Any CPU
		{7539E629-4FE8-410F-8604-AA56C62E9B55}.Release|Any CPU.ActiveCfg = Release|Any CPU
		{7539E629-4FE8-410F-8604-AA56C62E9B55}.Release|Any CPU.Build.0 = Release|Any CPU
		{92CE8F18-CAAE-49A9-B2DF-3D72F99B8729}.Debug|Any CPU.ActiveCfg = Debug|Any CPU
		{92CE8F18-CAAE-49A9-B2DF-3D72F99B8729}.Debug|Any CPU.Build.0 = Debug|Any CPU
		{92CE8F18-CAAE-49A9-B2DF-3D72F99B8729}.Release|Any CPU.ActiveCfg = Release|Any CPU
		{92CE8F18-CAAE-49A9-B2DF-3D72F99B8729}.Release|Any CPU.Build.0 = Release|Any CPU
		{E2B9BF04-E5C8-469B-8554-268FC46FCD1E}.Debug|Any CPU.ActiveCfg = Debug|Any CPU
		{E2B9BF04-E5C8-469B-8554-268FC46FCD1E}.Debug|Any CPU.Build.0 = Debug|Any CPU
		{E2B9BF04-E5C8-469B-8554-268FC46FCD1E}.Release|Any CPU.ActiveCfg = Release|Any CPU
		{E2B9BF04-E5C8-469B-8554-268FC46FCD1E}.Release|Any CPU.Build.0 = Release|Any CPU
		{D2B0F645-ECD5-4B7E-A029-EC28F6C10961}.Debug|Any CPU.ActiveCfg = Debug|Any CPU
		{D2B0F645-ECD5-4B7E-A029-EC28F6C10961}.Debug|Any CPU.Build.0 = Debug|Any CPU
		{D2B0F645-ECD5-4B7E-A029-EC28F6C10961}.Release|Any CPU.ActiveCfg = Release|Any CPU
		{D2B0F645-ECD5-4B7E-A029-EC28F6C10961}.Release|Any CPU.Build.0 = Release|Any CPU
		{E5B2A665-D428-436A-9A47-29BFCCECF64F}.Debug|Any CPU.ActiveCfg = Debug|Any CPU
		{E5B2A665-D428-436A-9A47-29BFCCECF64F}.Debug|Any CPU.Build.0 = Debug|Any CPU
		{E5B2A665-D428-436A-9A47-29BFCCECF64F}.Release|Any CPU.ActiveCfg = Release|Any CPU
		{E5B2A665-D428-436A-9A47-29BFCCECF64F}.Release|Any CPU.Build.0 = Release|Any CPU
	EndGlobalSection
	GlobalSection(SolutionProperties) = preSolution
		HideSolutionNode = FALSE
	EndGlobalSection
	GlobalSection(ExtensibilityGlobals) = postSolution
		SolutionGuid = {3FD09F83-C39D-4E4B-B2D1-AAB346FB7EED}
	EndGlobalSection
EndGlobal
